
Microsoft Visual Studio Solution File, Format Version 12.00
# Visual Studio Version 16
VisualStudioVersion = 16.0.31019.35
MinimumVisualStudioVersion = 10.0.40219.1
Project("{9A19103F-16F7-4668-BE54-9A1E7A4F7556}") = "TaskAPI", "TaskAPI\TaskAPI.csproj", "{28C0DA55-23CA-4AF6-8122-B0D316EDC4AD}"
EndProject
Project("{9A19103F-16F7-4668-BE54-9A1E7A4F7556}") = "TaskAPI.Models", "TaskAPI.Models\TaskAPI.Models.csproj", "{6FA31EDE-3048-4AA1-A04C-E0483E58F0F9}"
EndProject
Project("{9A19103F-16F7-4668-BE54-9A1E7A4F7556}") = "TaskAPI.Services", "TaskAPI.Services\TaskAPI.Services.csproj", "{781F1C52-46A6-40C9-A520-9E70FE0420A3}"
EndProject
Project("{9A19103F-16F7-4668-BE54-9A1E7A4F7556}") = "TaskAPI.DataAccess", "TaskAPi.DataAccess\TaskAPI.DataAccess.csproj", "{32F77EAA-1283-40F7-A9CB-2D19B749B333}"
EndProject
Global
	GlobalSection(SolutionConfigurationPlatforms) = preSolution
		Debug|Any CPU = Debug|Any CPU
		Release|Any CPU = Release|Any CPU
	EndGlobalSection
	GlobalSection(ProjectConfigurationPlatforms) = postSolution
		{28C0DA55-23CA-4AF6-8122-B0D316EDC4AD}.Debug|Any CPU.ActiveCfg = Debug|Any CPU
		{28C0DA55-23CA-4AF6-8122-B0D316EDC4AD}.Debug|Any CPU.Build.0 = Debug|Any CPU
		{28C0DA55-23CA-4AF6-8122-B0D316EDC4AD}.Release|Any CPU.ActiveCfg = Release|Any CPU
		{28C0DA55-23CA-4AF6-8122-B0D316EDC4AD}.Release|Any CPU.Build.0 = Release|Any CPU
		{6FA31EDE-3048-4AA1-A04C-E0483E58F0F9}.Debug|Any CPU.ActiveCfg = Debug|Any CPU
		{6FA31EDE-3048-4AA1-A04C-E0483E58F0F9}.Debug|Any CPU.Build.0 = Debug|Any CPU
		{6FA31EDE-3048-4AA1-A04C-E0483E58F0F9}.Release|Any CPU.ActiveCfg = Release|Any CPU
		{6FA31EDE-3048-4AA1-A04C-E0483E58F0F9}.Release|Any CPU.Build.0 = Release|Any CPU
		{781F1C52-46A6-40C9-A520-9E70FE0420A3}.Debug|Any CPU.ActiveCfg = Debug|Any CPU
		{781F1C52-46A6-40C9-A520-9E70FE0420A3}.Debug|Any CPU.Build.0 = Debug|Any CPU
		{781F1C52-46A6-40C9-A520-9E70FE0420A3}.Release|Any CPU.ActiveCfg = Release|Any CPU
		{781F1C52-46A6-40C9-A520-9E70FE0420A3}.Release|Any CPU.Build.0 = Release|Any CPU
		{32F77EAA-1283-40F7-A9CB-2D19B749B333}.Debug|Any CPU.ActiveCfg = Debug|Any CPU
		{32F77EAA-1283-40F7-A9CB-2D19B749B333}.Debug|Any CPU.Build.0 = Debug|Any CPU
		{32F77EAA-1283-40F7-A9CB-2D19B749B333}.Release|Any CPU.ActiveCfg = Release|Any CPU
		{32F77EAA-1283-40F7-A9CB-2D19B749B333}.Release|Any CPU.Build.0 = Release|Any CPU
	EndGlobalSection
	GlobalSection(SolutionProperties) = preSolution
		HideSolutionNode = FALSE
	EndGlobalSection
	GlobalSection(ExtensibilityGlobals) = postSolution
		SolutionGuid = {2B751BEA-75FC-42C3-8D06-205FBD73032F}
	EndGlobalSection
EndGlobal
